
Microsoft Visual Studio Solution File, Format Version 12.00
# Visual Studio Version 17
VisualStudioVersion = 17.11.35312.102
MinimumVisualStudioVersion = 10.0.40219.1
Project("{FAE04EC0-301F-11D3-BF4B-00C04F79EFBC}") = "DapperDemo", "DapperDemo\DapperDemo.csproj", "{29651318-041E-44DC-A401-235A1FB2D72A}"
EndProject
Project("{FAE04EC0-301F-11D3-BF4B-00C04F79EFBC}") = "AccesoDatos", "AccesoDatos\AccesoDatos.csproj", "{EA3037E9-2907-4A43-901F-416F50454252}"
EndProject
Global
	GlobalSection(SolutionConfigurationPlatforms) = preSolution
		Debug|Any CPU = Debug|Any CPU
		Release|Any CPU = Release|Any CPU
	EndGlobalSection
	GlobalSection(ProjectConfigurationPlatforms) = postSolution
		{29651318-041E-44DC-A401-235A1FB2D72A}.Debug|Any CPU.ActiveCfg = Debug|Any CPU
		{29651318-041E-44DC-A401-235A1FB2D72A}.Debug|Any CPU.Build.0 = Debug|Any CPU
		{29651318-041E-44DC-A401-235A1FB2D72A}.Release|Any CPU.ActiveCfg = Release|Any CPU
		{29651318-041E-44DC-A401-235A1FB2D72A}.Release|Any CPU.Build.0 = Release|Any CPU
		{EA3037E9-2907-4A43-901F-416F50454252}.Debug|Any CPU.ActiveCfg = Debug|Any CPU
		{EA3037E9-2907-4A43-901F-416F50454252}.Debug|Any CPU.Build.0 = Debug|Any CPU
		{EA3037E9-2907-4A43-901F-416F50454252}.Release|Any CPU.ActiveCfg = Release|Any CPU
		{EA3037E9-2907-4A43-901F-416F50454252}.Release|Any CPU.Build.0 = Release|Any CPU
	EndGlobalSection
	GlobalSection(SolutionProperties) = preSolution
		HideSolutionNode = FALSE
	EndGlobalSection
	GlobalSection(ExtensibilityGlobals) = postSolution
		SolutionGuid = {9516619A-DC08-49B1-980F-4A7082DC0601}
	EndGlobalSection
EndGlobal
